
Microsoft Visual Studio Solution File, Format Version 12.00
# Visual Studio Version 16
VisualStudioVersion = 16.0.31515.178
MinimumVisualStudioVersion = 10.0.40219.1
Project("{FAE04EC0-301F-11D3-BF4B-00C04F79EFBC}") = "MedicalProject", "MedicalProject\MedicalProject.csproj", "{82652B6F-8A2C-49CF-8988-D154E8C93515}"
EndProject
Global
	GlobalSection(SolutionConfigurationPlatforms) = preSolution
		Debug|Any CPU = Debug|Any CPU
		Release|Any CPU = Release|Any CPU
	EndGlobalSection
	GlobalSection(ProjectConfigurationPlatforms) = postSolution
		{82652B6F-8A2C-49CF-8988-D154E8C93515}.Debug|Any CPU.ActiveCfg = Debug|Any CPU
		{82652B6F-8A2C-49CF-8988-D154E8C93515}.Debug|Any CPU.Build.0 = Debug|Any CPU
		{82652B6F-8A2C-49CF-8988-D154E8C93515}.Release|Any CPU.ActiveCfg = Release|Any CPU
		{82652B6F-8A2C-49CF-8988-D154E8C93515}.Release|Any CPU.Build.0 = Release|Any CPU
	EndGlobalSection
	GlobalSection(SolutionProperties) = preSolution
		HideSolutionNode = FALSE
	EndGlobalSection
	GlobalSection(ExtensibilityGlobals) = postSolution
		SolutionGuid = {C9723C41-7D53-4C66-BF21-1F9337701D36}
	EndGlobalSection
EndGlobal
